// !$*UTF8*$!
{
	archiveVersion = 1;
	classes = {
	};
	objectVersion = 56;
	objects = {

/* Begin PBXBuildFile section */
		0B85812565284933BEBC7212 /* GeocodingRetryService.swift in Sources */ = {isa = PBXBuildFile; fileRef = 82C9C269375F4C05AFEA8817 /* GeocodingRetryService.swift */; };
		1498DD740E004FB9AC44D2F3 /* TripStop.swift in Sources */ = {isa = PBXBuildFile; fileRef = AF0E09B4CEDD485E9B744E57 /* TripStop.swift */; };
		1A08A23DFE40417CBC1C5DAF /* WatchConnectivityService.swift in Sources */ = {isa = PBXBuildFile; fileRef = 6C824D91E2014613A14064D4 /* WatchConnectivityService.swift */; };
		3B1BCB066B68458F963D7027 /* PlacePickerView.swift in Sources */ = {isa = PBXBuildFile; fileRef = 89C5F75B18D74EB4B35E48C0 /* PlacePickerView.swift */; };
		4ED9865E047546A39C7E466C /* AppLockView.swift in Sources */ = {isa = PBXBuildFile; fileRef = 1F8346A303B84C5089017287 /* AppLockView.swift */; };
		55259EE2E03648A4B6AAC434 /* FuelCostCalculator.swift in Sources */ = {isa = PBXBuildFile; fileRef = 5E100D096E5B474C8C3CC6EB /* FuelCostCalculator.swift */; };
		A2TRIPFETCH0000000000002 /* TripFetch.swift in Sources */ = {isa = PBXBuildFile; fileRef = A2TRIPFETCH0000000000001 /* TripFetch.swift */; };
		A2TRIPDATEGROUP000000002 /* TripDateGrouping.swift in Sources */ = {isa = PBXBuildFile; fileRef = A2TRIPDATEGROUP000000001 /* TripDateGrouping.swift */; };
		A2TRIPMAPSNAP00000000002 /* TripMapSnapshotCache.swift in Sources */ = {isa = PBXBuildFile; fileRef = A2TRIPMAPSNAP00000000001 /* TripMapSnapshotCache.swift */; };
		6FD1FB9C54054D94B99EEDBC /* TripMergeService.swift in Sources */ = {isa = PBXBuildFile; fileRef = 4B6254BADAB2452485AC086C /* TripMergeService.swift */; };
		76D48CED5CBB4054BB2D9361 /* BluetoothTriggerService.swift in Sources */ = {isa = PBXBuildFile; fileRef = F86B713FF186438EBC23FC3E /* BluetoothTriggerService.swift */; };
		9DEF992CAAFE49179A961E87 /* TripRecordingIntents.swift in Sources */ = {isa = PBXBuildFile; fileRef = F138262CDC1E4889B99374A4 /* TripRecordingIntents.swift */; };
		9FC941CE9E154F36B46E5A02 /* PlaceMatchingService.swift in Sources */ = {isa = PBXBuildFile; fileRef = E915A26582304556AF11A8CC /* PlaceMatchingService.swift */; };
		A10000000000000000000001 /* CarinhoApp.swift in Sources */ = {isa = PBXBuildFile; fileRef = A20000000000000000000001 /* CarinhoApp.swift */; };
		A10000000000000000000002 /* ContentView.swift in Sources */ = {isa = PBXBuildFile; fileRef = A20000000000000000000002 /* ContentView.swift */; };
		A10000000000000000000003 /* Trip.swift in Sources */ = {isa = PBXBuildFile; fileRef = A20000000000000000000003 /* Trip.swift */; };
		A10000000000000000000004 /* TripPoint.swift in Sources */ = {isa = PBXBuildFile; fileRef = A20000000000000000000004 /* TripPoint.swift */; };
		A10000000000000000000005 /* LocationService.swift in Sources */ = {isa = PBXBuildFile; fileRef = A20000000000000000000005 /* LocationService.swift */; };
		A10000000000000000000006 /* TripRecordingService.swift in Sources */ = {isa = PBXBuildFile; fileRef = A20000000000000000000006 /* TripRecordingService.swift */; };
		A10000000000000000000007 /* GeocodingService.swift in Sources */ = {isa = PBXBuildFile; fileRef = A20000000000000000000007 /* GeocodingService.swift */; };
		A10000000000000000000008 /* MotionActivityService.swift in Sources */ = {isa = PBXBuildFile; fileRef = A20000000000000000000008 /* MotionActivityService.swift */; };
		A10000000000000000000009 /* CarPlaySceneDelegate.swift in Sources */ = {isa = PBXBuildFile; fileRef = A20000000000000000000009 /* CarPlaySceneDelegate.swift */; };
		A10000000000000000000011 /* TripListViewModel.swift in Sources */ = {isa = PBXBuildFile; fileRef = A20000000000000000000011 /* TripListViewModel.swift */; };
		A10000000000000000000012 /* TripDetailViewModel.swift in Sources */ = {isa = PBXBuildFile; fileRef = A20000000000000000000012 /* TripDetailViewModel.swift */; };
		A10000000000000000000013 /* TripListView.swift in Sources */ = {isa = PBXBuildFile; fileRef = A20000000000000000000013 /* TripListView.swift */; };
		A10000000000000000000014 /* TripRowView.swift in Sources */ = {isa = PBXBuildFile; fileRef = A20000000000000000000014 /* TripRowView.swift */; };
		A10000000000000000000015 /* TripDetailView.swift in Sources */ = {isa = PBXBuildFile; fileRef = A20000000000000000000015 /* TripDetailView.swift */; };
		A10000000000000000000016 /* ActiveTripView.swift in Sources */ = {isa = PBXBuildFile; fileRef = A20000000000000000000016 /* ActiveTripView.swift */; };
		A10000000000000000000017 /* SettingsView.swift in Sources */ = {isa = PBXBuildFile; fileRef = A20000000000000000000017 /* SettingsView.swift */; };
		A10000000000000000000018 /* DistanceCalculator.swift in Sources */ = {isa = PBXBuildFile; fileRef = A20000000000000000000018 /* DistanceCalculator.swift */; };
		A1CARINHOMOTION00000001 /* CarinhoMotion.swift in Sources */ = {isa = PBXBuildFile; fileRef = A2CARINHOMOTION00000001 /* CarinhoMotion.swift */; };
		A1CARINHOSOUNDS00000001 /* CarinhoSounds.swift in Sources */ = {isa = PBXBuildFile; fileRef = A2CARINHOSOUNDS00000001 /* CarinhoSounds.swift */; };
		A1TRIPSTARTCAF000000001 /* trip_start.caf in Resources */ = {isa = PBXBuildFile; fileRef = A2TRIPSTARTCAF000000001 /* trip_start.caf */; };
		A1TRIPSTOPCAF0000000001 /* trip_stop.caf in Resources */ = {isa = PBXBuildFile; fileRef = A2TRIPSTOPCAF0000000001 /* trip_stop.caf */; };
		A10000000000000000000019 /* DateFormatters.swift in Sources */ = {isa = PBXBuildFile; fileRef = A20000000000000000000019 /* DateFormatters.swift */; };
		A10000000000000000000020 /* AppSettings.swift in Sources */ = {isa = PBXBuildFile; fileRef = A20000000000000000000020 /* AppSettings.swift */; };
		A10000000000000000000021 /* PreviewData.swift in Sources */ = {isa = PBXBuildFile; fileRef = A20000000000000000000021 /* PreviewData.swift */; };
		A1CARINHOICON000000001 /* Carinho.icon in Resources */ = {isa = PBXBuildFile; fileRef = A2CARINHOICON000000001 /* Carinho.icon */; };
		A10000000000000000000022 /* Assets.xcassets in Resources */ = {isa = PBXBuildFile; fileRef = A20000000000000000000022 /* Assets.xcassets */; };
		A10000000000000000000023 /* AppDelegate.swift in Sources */ = {isa = PBXBuildFile; fileRef = A20000000000000000000023 /* AppDelegate.swift */; };
		A1APPSERVICES00000001 /* AppServices.swift in Sources */ = {isa = PBXBuildFile; fileRef = A2APPSERVICES00000001 /* AppServices.swift */; };
		A1VEHCOORD0000000001 /* VehicleConnectionCoordinator.swift in Sources */ = {isa = PBXBuildFile; fileRef = A2VEHCOORD0000000001 /* VehicleConnectionCoordinator.swift */; };
		A1VEHPAIRING00000001 /* VehiclePairingService.swift in Sources */ = {isa = PBXBuildFile; fileRef = A2VEHPAIRING00000001 /* VehiclePairingService.swift */; };
		A1VEHCONNKIND0000001 /* VehicleConnectionKind.swift in Sources */ = {isa = PBXBuildFile; fileRef = A2VEHCONNKIND0000001 /* VehicleConnectionKind.swift */; };
		A1INFOPLISTXC0000001 /* InfoPlist.xcstrings in Resources */ = {isa = PBXBuildFile; fileRef = A2INFOPLISTXC0000001 /* InfoPlist.xcstrings */; };
		A10000000000000000000025 /* MockTripSeeder.swift in Sources */ = {isa = PBXBuildFile; fileRef = A20000000000000000000025 /* MockTripSeeder.swift */; };
		A10000000000000000000028 /* PrivacyInfo.xcprivacy in Resources */ = {isa = PBXBuildFile; fileRef = A20000000000000000000027 /* PrivacyInfo.xcprivacy */; };
		A5667A7DE2024FB687E8DD43 /* CarinhoTests.swift in Sources */ = {isa = PBXBuildFile; fileRef = 86269EF985B34281B00F7FAC /* CarinhoTests.swift */; };
		B10000000000000000000001 /* TripNotificationService.swift in Sources */ = {isa = PBXBuildFile; fileRef = B20000000000000000000001 /* TripNotificationService.swift */; };
		B10000000000000000000002 /* CarPairingSheet.swift in Sources */ = {isa = PBXBuildFile; fileRef = B20000000000000000000002 /* CarPairingSheet.swift */; };
		A1ONBOARDING00000000001 /* OnboardingView.swift in Sources */ = {isa = PBXBuildFile; fileRef = A2ONBOARDING00000000001 /* OnboardingView.swift */; };
		A1PERMBANNER00000000001 /* PermissionBanner.swift in Sources */ = {isa = PBXBuildFile; fileRef = A2PERMBANNER00000000001 /* PermissionBanner.swift */; };
		B10000000000000000000003 /* RecordingCarAnimationView.swift in Sources */ = {isa = PBXBuildFile; fileRef = B20000000000000000000003 /* RecordingCarAnimationView.swift */; };
		B10000000000000000000004 /* TripRecordingAttributes.swift in Sources */ = {isa = PBXBuildFile; fileRef = B20000000000000000000004 /* TripRecordingAttributes.swift */; };
		B10000000000000000000008 /* RecordingControlBridge.swift in Sources */ = {isa = PBXBuildFile; fileRef = B20000000000000000000009 /* RecordingControlBridge.swift */; };
		B10000000000000000000009 /* RecordingControlBridge.swift in Sources */ = {isa = PBXBuildFile; fileRef = B20000000000000000000009 /* RecordingControlBridge.swift */; };
		A1APPNOTIFSTORE00000001 /* AppNotificationStore.swift in Sources */ = {isa = PBXBuildFile; fileRef = A2APPNOTIFSTORE00000001 /* AppNotificationStore.swift */; };
		A1NOTIFLISTVIEW00000001 /* NotificationsListView.swift in Sources */ = {isa = PBXBuildFile; fileRef = A2NOTIFLISTVIEW00000001 /* NotificationsListView.swift */; };
		B10000000000000000000011 /* AppNotificationArchive.swift in Sources */ = {isa = PBXBuildFile; fileRef = B20000000000000000000011 /* AppNotificationArchive.swift */; };
		B10000000000000000000012 /* AppNotificationArchive.swift in Sources */ = {isa = PBXBuildFile; fileRef = B20000000000000000000011 /* AppNotificationArchive.swift */; };
		B10000000000000000000013 /* Localizable.xcstrings in Resources */ = {isa = PBXBuildFile; fileRef = A2LOCALIZABLE00000000001 /* Localizable.xcstrings */; };
		B10000000000000000000005 /* CarinhoWidget.swift in Sources */ = {isa = PBXBuildFile; fileRef = B20000000000000000000005 /* CarinhoWidget.swift */; };
		B10000000000000000000006 /* WidgetRecordingIntents.swift in Sources */ = {isa = PBXBuildFile; fileRef = B20000000000000000000006 /* WidgetRecordingIntents.swift */; };
		B10000000000000000000007 /* TripRecordingAttributes.swift in Sources */ = {isa = PBXBuildFile; fileRef = B20000000000000000000004 /* TripRecordingAttributes.swift */; };
		B10000000000000000000010 /* CarinhoWidgetExtension.appex in Embed Foundation Extensions */ = {isa = PBXBuildFile; fileRef = B30000000000000000000001 /* CarinhoWidgetExtension.appex */; settings = {ATTRIBUTES = (RemoveHeadersOnCopy, ); }; };
		B70278C1D5B446EC8DE991B4 /* TripFilterChips.swift in Sources */ = {isa = PBXBuildFile; fileRef = 88030C70371F439DA73D2869 /* TripFilterChips.swift */; };
		BBE21ACDB3DA4B799692BA45 /* TripCleanupService.swift in Sources */ = {isa = PBXBuildFile; fileRef = FA15226A5E0A4E42AD2285A2 /* TripCleanupService.swift */; };
		C2D27E073A644138899E28CE /* ModelContainerFactory.swift in Sources */ = {isa = PBXBuildFile; fileRef = 8A24E57F785447E780408D08 /* ModelContainerFactory.swift */; };
		C34CA953FA9445FC9738421B /* StatsViewModel.swift in Sources */ = {isa = PBXBuildFile; fileRef = D171349C59CE45DEA7298678 /* StatsViewModel.swift */; };
		C8C052893E0441E8AC928742 /* NetworkMonitor.swift in Sources */ = {isa = PBXBuildFile; fileRef = 6AD03A7086DB4AACB2377EDA /* NetworkMonitor.swift */; };
		D10E4D3FDD254D86A5654E28 /* RecordingLiveActivityService.swift in Sources */ = {isa = PBXBuildFile; fileRef = 7E7218250D954707A753EAFC /* RecordingLiveActivityService.swift */; };
		D1853EE7989041FC8B991467 /* AppLockService.swift in Sources */ = {isa = PBXBuildFile; fileRef = 86CA401B8CE941218B625F2C /* AppLockService.swift */; };
		D571EE3610834ECBBB0727B6 /* SavedPlace.swift in Sources */ = {isa = PBXBuildFile; fileRef = C22C35A8C7504120981649DC /* SavedPlace.swift */; };
		E5BA2FB0704F498A84A79A26 /* StatsView.swift in Sources */ = {isa = PBXBuildFile; fileRef = 809405DA3B0A4D33AFE11517 /* StatsView.swift */; };
		F7584F1172694F06905495CC /* TripEnums.swift in Sources */ = {isa = PBXBuildFile; fileRef = 65E131E71820446C9E390421 /* TripEnums.swift */; };
		F2E1D0C9B8A7465091E2F3A4 /* KeyboardDismiss.swift in Sources */ = {isa = PBXBuildFile; fileRef = E1D0C9B8A7465091E2F3A456 /* KeyboardDismiss.swift */; };
		A1USERCATEGORY00000000001 /* UserCategory.swift in Sources */ = {isa = PBXBuildFile; fileRef = A2USERCATEGORY00000000001 /* UserCategory.swift */; };
		A1CATEGORYSEEDER00000001 /* CategorySeeder.swift in Sources */ = {isa = PBXBuildFile; fileRef = A2CATEGORYSEEDER00000001 /* CategorySeeder.swift */; };
		A1L10N00000000000000001 /* L10n.swift in Sources */ = {isa = PBXBuildFile; fileRef = A2L10N00000000000000001 /* L10n.swift */; };
		A1CATMGMT00000000000001 /* CategoryManagementView.swift in Sources */ = {isa = PBXBuildFile; fileRef = A2CATMGMT00000000000001 /* CategoryManagementView.swift */; };
		A1LOCALIZABLE00000000001 /* Localizable.xcstrings in Resources */ = {isa = PBXBuildFile; fileRef = A2LOCALIZABLE00000000001 /* Localizable.xcstrings */; };
		A1REC0BSERVER00000000001 /* RecordingRequestObserver.swift in Sources */ = {isa = PBXBuildFile; fileRef = A2REC0BSERVER00000000001 /* RecordingRequestObserver.swift */; };
		A1MATCHEDROUTE0000000001 /* MatchedRoutePoint.swift in Sources */ = {isa = PBXBuildFile; fileRef = A2MATCHEDROUTE0000000001 /* MatchedRoutePoint.swift */; };
		A1SCHEMAMIG0000000000001 /* CarinhoSchemaMigration.swift in Sources */ = {isa = PBXBuildFile; fileRef = A2SCHEMAMIG0000000000001 /* CarinhoSchemaMigration.swift */; };
		A1TRIPRECOVERY0000000001 /* TripRecoveryService.swift in Sources */ = {isa = PBXBuildFile; fileRef = A2TRIPRECOVERY0000000001 /* TripRecoveryService.swift */; };
		A1RECSTOPPOLICY00000001 /* RecordingStopPolicy.swift in Sources */ = {isa = PBXBuildFile; fileRef = A2RECSTOPPOLICY00000001 /* RecordingStopPolicy.swift */; };
		A1RECSYNCCOORD00000001 /* RecordingSyncCoordinator.swift in Sources */ = {isa = PBXBuildFile; fileRef = A2RECSYNCCOORD00000001 /* RecordingSyncCoordinator.swift */; };
		A1APPERRORPRES0000001 /* AppErrorPresenter.swift in Sources */ = {isa = PBXBuildFile; fileRef = A2APPERRORPRES0000001 /* AppErrorPresenter.swift */; };
		A1LOCATIONPROV00000001 /* LocationProviding.swift in Sources */ = {isa = PBXBuildFile; fileRef = A2LOCATIONPROV00000001 /* LocationProviding.swift */; };
		A1RECPERSIST0000000001 /* RecordingPersistence.swift in Sources */ = {isa = PBXBuildFile; fileRef = A2RECPERSIST0000000001 /* RecordingPersistence.swift */; };
		A1VEHICLEPROFILE00000001 /* VehicleProfile.swift in Sources */ = {isa = PBXBuildFile; fileRef = A2VEHICLEPROFILE00000001 /* VehicleProfile.swift */; };
		A1FREQROUTES00000000001 /* FrequentRoutesService.swift in Sources */ = {isa = PBXBuildFile; fileRef = A2FREQROUTES00000000001 /* FrequentRoutesService.swift */; };
		A1ROUTEPRIVCLIP0000001 /* RoutePrivacyClipper.swift in Sources */ = {isa = PBXBuildFile; fileRef = A2ROUTEPRIVCLIP0000001 /* RoutePrivacyClipper.swift */; };
		A1TRIPSHARECARD0000001 /* TripShareCardRenderer.swift in Sources */ = {isa = PBXBuildFile; fileRef = A2TRIPSHARECARD0000001 /* TripShareCardRenderer.swift */; };
		A1TRIPREPORTPDF000001 /* TripReportPDF.swift in Sources */ = {isa = PBXBuildFile; fileRef = A2TRIPREPORTPDF000001 /* TripReportPDF.swift */; };
		A1TODAYKMPROV00000001 /* TodayKmProvider.swift in Sources */ = {isa = PBXBuildFile; fileRef = A2TODAYKMPROV00000001 /* TodayKmProvider.swift */; };
		A1VEHICLEMGMT00000001 /* VehicleManagementView.swift in Sources */ = {isa = PBXBuildFile; fileRef = A2VEHICLEMGMT00000001 /* VehicleManagementView.swift */; };
		A1VEHICLERESOLV000001 /* VehicleResolver.swift in Sources */ = {isa = PBXBuildFile; fileRef = A2VEHICLERESOLV000001 /* VehicleResolver.swift */; };
		F7BF388123F5473D83A90998 /* ExportService.swift in Sources */ = {isa = PBXBuildFile; fileRef = 983DA16F5A6E442FAAD35B73 /* ExportService.swift */; };
/* End PBXBuildFile section */

/* Begin PBXContainerItemProxy section */
		BA0000000000000000000001 /* PBXContainerItemProxy */ = {
			isa = PBXContainerItemProxy;
			containerPortal = A90000000000000000000001 /* Project object */;
			proxyType = 1;
			remoteGlobalIDString = B60000000000000000000001;
			remoteInfo = CarinhoWidgetExtension;
		};
/* End PBXContainerItemProxy section */

/* Begin PBXCopyFilesBuildPhase section */
		B80000000000000000000001 /* Embed Foundation Extensions */ = {
			isa = PBXCopyFilesBuildPhase;
			buildActionMask = 2147483647;
			dstPath = "";
			dstSubfolderSpec = 13;
			files = (
				B10000000000000000000010 /* CarinhoWidgetExtension.appex in Embed Foundation Extensions */,
			);
			name = "Embed Foundation Extensions";
			runOnlyForDeploymentPostprocessing = 0;
		};
/* End PBXCopyFilesBuildPhase section */

/* Begin PBXFileReference section */
		1F8346A303B84C5089017287 /* AppLockView.swift */ = {isa = PBXFileReference; lastKnownFileType = sourcecode.swift; path = AppLockView.swift; sourceTree = "<group>"; };
		3C4D5673496049A7A905249D /* CarinhoTests.xctest */ = {isa = PBXFileReference; explicitFileType = wrapper.cfbundle; includeInIndex = 0; path = CarinhoTests.xctest; sourceTree = BUILT_PRODUCTS_DIR; };
		4B6254BADAB2452485AC086C /* TripMergeService.swift */ = {isa = PBXFileReference; lastKnownFileType = sourcecode.swift; path = TripMergeService.swift; sourceTree = "<group>"; };
		5E100D096E5B474C8C3CC6EB /* FuelCostCalculator.swift */ = {isa = PBXFileReference; lastKnownFileType = sourcecode.swift; path = FuelCostCalculator.swift; sourceTree = "<group>"; };
		65E131E71820446C9E390421 /* TripEnums.swift */ = {isa = PBXFileReference; lastKnownFileType = sourcecode.swift; path = TripEnums.swift; sourceTree = "<group>"; };
		6AD03A7086DB4AACB2377EDA /* NetworkMonitor.swift */ = {isa = PBXFileReference; lastKnownFileType = sourcecode.swift; path = NetworkMonitor.swift; sourceTree = "<group>"; };
		E1D0C9B8A7465091E2F3A456 /* KeyboardDismiss.swift */ = {isa = PBXFileReference; lastKnownFileType = sourcecode.swift; path = KeyboardDismiss.swift; sourceTree = "<group>"; };
		6C824D91E2014613A14064D4 /* WatchConnectivityService.swift */ = {isa = PBXFileReference; lastKnownFileType = sourcecode.swift; path = WatchConnectivityService.swift; sourceTree = "<group>"; };
		7E7218250D954707A753EAFC /* RecordingLiveActivityService.swift */ = {isa = PBXFileReference; lastKnownFileType = sourcecode.swift; path = RecordingLiveActivityService.swift; sourceTree = "<group>"; };
		809405DA3B0A4D33AFE11517 /* StatsView.swift */ = {isa = PBXFileReference; lastKnownFileType = sourcecode.swift; path = StatsView.swift; sourceTree = "<group>"; };
		82C9C269375F4C05AFEA8817 /* GeocodingRetryService.swift */ = {isa = PBXFileReference; lastKnownFileType = sourcecode.swift; path = GeocodingRetryService.swift; sourceTree = "<group>"; };
		86269EF985B34281B00F7FAC /* CarinhoTests.swift */ = {isa = PBXFileReference; lastKnownFileType = sourcecode.swift; path = CarinhoTests.swift; sourceTree = "<group>"; };
		86CA401B8CE941218B625F2C /* AppLockService.swift */ = {isa = PBXFileReference; lastKnownFileType = sourcecode.swift; path = AppLockService.swift; sourceTree = "<group>"; };
		88030C70371F439DA73D2869 /* TripFilterChips.swift */ = {isa = PBXFileReference; lastKnownFileType = sourcecode.swift; path = TripFilterChips.swift; sourceTree = "<group>"; };
		89C5F75B18D74EB4B35E48C0 /* PlacePickerView.swift */ = {isa = PBXFileReference; lastKnownFileType = sourcecode.swift; path = PlacePickerView.swift; sourceTree = "<group>"; };
		8A24E57F785447E780408D08 /* ModelContainerFactory.swift */ = {isa = PBXFileReference; lastKnownFileType = sourcecode.swift; path = ModelContainerFactory.swift; sourceTree = "<group>"; };
		983DA16F5A6E442FAAD35B73 /* ExportService.swift */ = {isa = PBXFileReference; lastKnownFileType = sourcecode.swift; path = ExportService.swift; sourceTree = "<group>"; };
		A20000000000000000000001 /* CarinhoApp.swift */ = {isa = PBXFileReference; lastKnownFileType = sourcecode.swift; path = CarinhoApp.swift; sourceTree = "<group>"; };
		A20000000000000000000002 /* ContentView.swift */ = {isa = PBXFileReference; lastKnownFileType = sourcecode.swift; path = ContentView.swift; sourceTree = "<group>"; };
		A20000000000000000000003 /* Trip.swift */ = {isa = PBXFileReference; lastKnownFileType = sourcecode.swift; path = Trip.swift; sourceTree = "<group>"; };
		A20000000000000000000004 /* TripPoint.swift */ = {isa = PBXFileReference; lastKnownFileType = sourcecode.swift; path = TripPoint.swift; sourceTree = "<group>"; };
		A20000000000000000000005 /* LocationService.swift */ = {isa = PBXFileReference; lastKnownFileType = sourcecode.swift; path = LocationService.swift; sourceTree = "<group>"; };
		A20000000000000000000006 /* TripRecordingService.swift */ = {isa = PBXFileReference; lastKnownFileType = sourcecode.swift; path = TripRecordingService.swift; sourceTree = "<group>"; };
		A20000000000000000000007 /* GeocodingService.swift */ = {isa = PBXFileReference; lastKnownFileType = sourcecode.swift; path = GeocodingService.swift; sourceTree = "<group>"; };
		A20000000000000000000008 /* MotionActivityService.swift */ = {isa = PBXFileReference; lastKnownFileType = sourcecode.swift; path = MotionActivityService.swift; sourceTree = "<group>"; };
		A20000000000000000000009 /* CarPlaySceneDelegate.swift */ = {isa = PBXFileReference; lastKnownFileType = sourcecode.swift; path = CarPlaySceneDelegate.swift; sourceTree = "<group>"; };
		A20000000000000000000011 /* TripListViewModel.swift */ = {isa = PBXFileReference; lastKnownFileType = sourcecode.swift; path = TripListViewModel.swift; sourceTree = "<group>"; };
		A20000000000000000000012 /* TripDetailViewModel.swift */ = {isa = PBXFileReference; lastKnownFileType = sourcecode.swift; path = TripDetailViewModel.swift; sourceTree = "<group>"; };
		A20000000000000000000013 /* TripListView.swift */ = {isa = PBXFileReference; lastKnownFileType = sourcecode.swift; path = TripListView.swift; sourceTree = "<group>"; };
		A20000000000000000000014 /* TripRowView.swift */ = {isa = PBXFileReference; lastKnownFileType = sourcecode.swift; path = TripRowView.swift; sourceTree = "<group>"; };
		A20000000000000000000015 /* TripDetailView.swift */ = {isa = PBXFileReference; lastKnownFileType = sourcecode.swift; path = TripDetailView.swift; sourceTree = "<group>"; };
		A20000000000000000000016 /* ActiveTripView.swift */ = {isa = PBXFileReference; lastKnownFileType = sourcecode.swift; path = ActiveTripView.swift; sourceTree = "<group>"; };
		A20000000000000000000017 /* SettingsView.swift */ = {isa = PBXFileReference; lastKnownFileType = sourcecode.swift; path = SettingsView.swift; sourceTree = "<group>"; };
		A20000000000000000000018 /* DistanceCalculator.swift */ = {isa = PBXFileReference; lastKnownFileType = sourcecode.swift; path = DistanceCalculator.swift; sourceTree = "<group>"; };
		A2CARINHOMOTION00000001 /* CarinhoMotion.swift */ = {isa = PBXFileReference; lastKnownFileType = sourcecode.swift; path = CarinhoMotion.swift; sourceTree = "<group>"; };
		A2CARINHOSOUNDS00000001 /* CarinhoSounds.swift */ = {isa = PBXFileReference; lastKnownFileType = sourcecode.swift; path = CarinhoSounds.swift; sourceTree = "<group>"; };
		A2TRIPSTARTCAF000000001 /* trip_start.caf */ = {isa = PBXFileReference; lastKnownFileType = file; path = trip_start.caf; sourceTree = "<group>"; };
		A2TRIPSTOPCAF0000000001 /* trip_stop.caf */ = {isa = PBXFileReference; lastKnownFileType = file; path = trip_stop.caf; sourceTree = "<group>"; };
		A20000000000000000000019 /* DateFormatters.swift */ = {isa = PBXFileReference; lastKnownFileType = sourcecode.swift; path = DateFormatters.swift; sourceTree = "<group>"; };
		A20000000000000000000020 /* AppSettings.swift */ = {isa = PBXFileReference; lastKnownFileType = sourcecode.swift; path = AppSettings.swift; sourceTree = "<group>"; };
		A20000000000000000000021 /* PreviewData.swift */ = {isa = PBXFileReference; lastKnownFileType = sourcecode.swift; path = PreviewData.swift; sourceTree = "<group>"; };
		A2CARINHOICON000000001 /* Carinho.icon */ = {isa = PBXFileReference; lastKnownFileType = folder.iconcomposer; path = Carinho.icon; sourceTree = "<group>"; };
		A20000000000000000000022 /* Assets.xcassets */ = {isa = PBXFileReference; lastKnownFileType = folder.assetcatalog; path = Assets.xcassets; sourceTree = "<group>"; };
		A20000000000000000000023 /* AppDelegate.swift */ = {isa = PBXFileReference; lastKnownFileType = sourcecode.swift; path = AppDelegate.swift; sourceTree = "<group>"; };
		A2APPSERVICES00000001 /* AppServices.swift */ = {isa = PBXFileReference; lastKnownFileType = sourcecode.swift; path = AppServices.swift; sourceTree = "<group>"; };
		A2VEHCOORD0000000001 /* VehicleConnectionCoordinator.swift */ = {isa = PBXFileReference; lastKnownFileType = sourcecode.swift; path = VehicleConnectionCoordinator.swift; sourceTree = "<group>"; };
		A2VEHPAIRING00000001 /* VehiclePairingService.swift */ = {isa = PBXFileReference; lastKnownFileType = sourcecode.swift; path = VehiclePairingService.swift; sourceTree = "<group>"; };
		A2VEHCONNKIND0000001 /* VehicleConnectionKind.swift */ = {isa = PBXFileReference; lastKnownFileType = sourcecode.swift; path = VehicleConnectionKind.swift; sourceTree = "<group>"; };
		A2INFOPLISTXC0000001 /* InfoPlist.xcstrings */ = {isa = PBXFileReference; lastKnownFileType = text.json.xcstrings; path = InfoPlist.xcstrings; sourceTree = "<group>"; };
		A20000000000000000000024 /* Info.plist */ = {isa = PBXFileReference; lastKnownFileType = text.plist.xml; path = Info.plist; sourceTree = "<group>"; };
		A20000000000000000000025 /* MockTripSeeder.swift */ = {isa = PBXFileReference; lastKnownFileType = sourcecode.swift; path = MockTripSeeder.swift; sourceTree = "<group>"; };
		A20000000000000000000026 /* Carinho.entitlements */ = {isa = PBXFileReference; lastKnownFileType = text.plist.entitlements; path = Carinho.entitlements; sourceTree = "<group>"; };
		A20000000000000000000027 /* PrivacyInfo.xcprivacy */ = {isa = PBXFileReference; lastKnownFileType = text.xml; path = PrivacyInfo.xcprivacy; sourceTree = "<group>"; };
		A30000000000000000000001 /* Carinho.app */ = {isa = PBXFileReference; explicitFileType = wrapper.application; includeInIndex = 0; path = Carinho.app; sourceTree = BUILT_PRODUCTS_DIR; };
		AF0E09B4CEDD485E9B744E57 /* TripStop.swift */ = {isa = PBXFileReference; lastKnownFileType = sourcecode.swift; path = TripStop.swift; sourceTree = "<group>"; };
		B20000000000000000000001 /* TripNotificationService.swift */ = {isa = PBXFileReference; lastKnownFileType = sourcecode.swift; path = TripNotificationService.swift; sourceTree = "<group>"; };
		B20000000000000000000002 /* CarPairingSheet.swift */ = {isa = PBXFileReference; lastKnownFileType = sourcecode.swift; path = CarPairingSheet.swift; sourceTree = "<group>"; };
		A2ONBOARDING00000000001 /* OnboardingView.swift */ = {isa = PBXFileReference; lastKnownFileType = sourcecode.swift; path = OnboardingView.swift; sourceTree = "<group>"; };
		A2PERMBANNER00000000001 /* PermissionBanner.swift */ = {isa = PBXFileReference; lastKnownFileType = sourcecode.swift; path = PermissionBanner.swift; sourceTree = "<group>"; };
		B20000000000000000000003 /* RecordingCarAnimationView.swift */ = {isa = PBXFileReference; lastKnownFileType = sourcecode.swift; path = RecordingCarAnimationView.swift; sourceTree = "<group>"; };
		B20000000000000000000004 /* TripRecordingAttributes.swift */ = {isa = PBXFileReference; lastKnownFileType = sourcecode.swift; path = TripRecordingAttributes.swift; sourceTree = "<group>"; };
		A2APPNOTIFSTORE00000001 /* AppNotificationStore.swift */ = {isa = PBXFileReference; lastKnownFileType = sourcecode.swift; path = AppNotificationStore.swift; sourceTree = "<group>"; };
		A2NOTIFLISTVIEW00000001 /* NotificationsListView.swift */ = {isa = PBXFileReference; lastKnownFileType = sourcecode.swift; path = NotificationsListView.swift; sourceTree = "<group>"; };
		B20000000000000000000011 /* AppNotificationArchive.swift */ = {isa = PBXFileReference; lastKnownFileType = sourcecode.swift; path = AppNotificationArchive.swift; sourceTree = "<group>"; };
		B20000000000000000000009 /* RecordingControlBridge.swift */ = {isa = PBXFileReference; lastKnownFileType = sourcecode.swift; path = RecordingControlBridge.swift; sourceTree = "<group>"; };
		A2REC0BSERVER00000000001 /* RecordingRequestObserver.swift */ = {isa = PBXFileReference; lastKnownFileType = sourcecode.swift; path = RecordingRequestObserver.swift; sourceTree = "<group>"; };
		A2MATCHEDROUTE0000000001 /* MatchedRoutePoint.swift */ = {isa = PBXFileReference; lastKnownFileType = sourcecode.swift; path = MatchedRoutePoint.swift; sourceTree = "<group>"; };
		A2SCHEMAMIG0000000000001 /* CarinhoSchemaMigration.swift */ = {isa = PBXFileReference; lastKnownFileType = sourcecode.swift; path = CarinhoSchemaMigration.swift; sourceTree = "<group>"; };
		A2TRIPRECOVERY0000000001 /* TripRecoveryService.swift */ = {isa = PBXFileReference; lastKnownFileType = sourcecode.swift; path = TripRecoveryService.swift; sourceTree = "<group>"; };
		A2RECSTOPPOLICY00000001 /* RecordingStopPolicy.swift */ = {isa = PBXFileReference; lastKnownFileType = sourcecode.swift; path = RecordingStopPolicy.swift; sourceTree = "<group>"; };
		A2RECSYNCCOORD00000001 /* RecordingSyncCoordinator.swift */ = {isa = PBXFileReference; lastKnownFileType = sourcecode.swift; path = RecordingSyncCoordinator.swift; sourceTree = "<group>"; };
		A2APPERRORPRES0000001 /* AppErrorPresenter.swift */ = {isa = PBXFileReference; lastKnownFileType = sourcecode.swift; path = AppErrorPresenter.swift; sourceTree = "<group>"; };
		A2LOCATIONPROV00000001 /* LocationProviding.swift */ = {isa = PBXFileReference; lastKnownFileType = sourcecode.swift; path = LocationProviding.swift; sourceTree = "<group>"; };
		A2RECPERSIST0000000001 /* RecordingPersistence.swift */ = {isa = PBXFileReference; lastKnownFileType = sourcecode.swift; path = RecordingPersistence.swift; sourceTree = "<group>"; };
		B20000000000000000000005 /* CarinhoWidget.swift */ = {isa = PBXFileReference; lastKnownFileType = sourcecode.swift; path = CarinhoWidget.swift; sourceTree = "<group>"; };
		B20000000000000000000006 /* WidgetRecordingIntents.swift */ = {isa = PBXFileReference; lastKnownFileType = sourcecode.swift; path = WidgetRecordingIntents.swift; sourceTree = "<group>"; };
		B20000000000000000000007 /* Info.plist */ = {isa = PBXFileReference; lastKnownFileType = text.plist.xml; path = Info.plist; sourceTree = "<group>"; };
		B20000000000000000000008 /* CarinhoWidget.entitlements */ = {isa = PBXFileReference; lastKnownFileType = text.plist.entitlements; path = CarinhoWidget.entitlements; sourceTree = "<group>"; };
		B30000000000000000000001 /* CarinhoWidgetExtension.appex */ = {isa = PBXFileReference; explicitFileType = "wrapper.app-extension"; includeInIndex = 0; path = CarinhoWidgetExtension.appex; sourceTree = BUILT_PRODUCTS_DIR; };
		C22C35A8C7504120981649DC /* SavedPlace.swift */ = {isa = PBXFileReference; lastKnownFileType = sourcecode.swift; path = SavedPlace.swift; sourceTree = "<group>"; };
		D171349C59CE45DEA7298678 /* StatsViewModel.swift */ = {isa = PBXFileReference; lastKnownFileType = sourcecode.swift; path = StatsViewModel.swift; sourceTree = "<group>"; };
		E915A26582304556AF11A8CC /* PlaceMatchingService.swift */ = {isa = PBXFileReference; lastKnownFileType = sourcecode.swift; path = PlaceMatchingService.swift; sourceTree = "<group>"; };
		A2TRIPFETCH0000000000001 /* TripFetch.swift */ = {isa = PBXFileReference; lastKnownFileType = sourcecode.swift; path = TripFetch.swift; sourceTree = "<group>"; };
		A2TRIPDATEGROUP000000001 /* TripDateGrouping.swift */ = {isa = PBXFileReference; lastKnownFileType = sourcecode.swift; path = TripDateGrouping.swift; sourceTree = "<group>"; };
		A2TRIPMAPSNAP00000000001 /* TripMapSnapshotCache.swift */ = {isa = PBXFileReference; lastKnownFileType = sourcecode.swift; path = TripMapSnapshotCache.swift; sourceTree = "<group>"; };
		F138262CDC1E4889B99374A4 /* TripRecordingIntents.swift */ = {isa = PBXFileReference; lastKnownFileType = sourcecode.swift; path = TripRecordingIntents.swift; sourceTree = "<group>"; };
		F86B713FF186438EBC23FC3E /* BluetoothTriggerService.swift */ = {isa = PBXFileReference; lastKnownFileType = sourcecode.swift; path = BluetoothTriggerService.swift; sourceTree = "<group>"; };
		FA15226A5E0A4E42AD2285A2 /* TripCleanupService.swift */ = {isa = PBXFileReference; lastKnownFileType = sourcecode.swift; path = TripCleanupService.swift; sourceTree = "<group>"; };
		A2USERCATEGORY00000000001 /* UserCategory.swift */ = {isa = PBXFileReference; lastKnownFileType = sourcecode.swift; path = UserCategory.swift; sourceTree = "<group>"; };
		A2CATEGORYSEEDER00000001 /* CategorySeeder.swift */ = {isa = PBXFileReference; lastKnownFileType = sourcecode.swift; path = CategorySeeder.swift; sourceTree = "<group>"; };
		A2L10N00000000000000001 /* L10n.swift */ = {isa = PBXFileReference; lastKnownFileType = sourcecode.swift; path = L10n.swift; sourceTree = "<group>"; };
		A2CATMGMT00000000000001 /* CategoryManagementView.swift */ = {isa = PBXFileReference; lastKnownFileType = sourcecode.swift; path = CategoryManagementView.swift; sourceTree = "<group>"; };
		A2LOCALIZABLE00000000001 /* Localizable.xcstrings */ = {isa = PBXFileReference; lastKnownFileType = text.json.xcstrings; path = Localizable.xcstrings; sourceTree = "<group>"; };
		A2VEHICLEPROFILE00000001 /* VehicleProfile.swift */ = {isa = PBXFileReference; lastKnownFileType = sourcecode.swift; path = VehicleProfile.swift; sourceTree = "<group>"; };
		A2FREQROUTES00000000001 /* FrequentRoutesService.swift */ = {isa = PBXFileReference; lastKnownFileType = sourcecode.swift; path = FrequentRoutesService.swift; sourceTree = "<group>"; };
		A2ROUTEPRIVCLIP0000001 /* RoutePrivacyClipper.swift */ = {isa = PBXFileReference; lastKnownFileType = sourcecode.swift; path = RoutePrivacyClipper.swift; sourceTree = "<group>"; };
		A2TRIPSHARECARD0000001 /* TripShareCardRenderer.swift */ = {isa = PBXFileReference; lastKnownFileType = sourcecode.swift; path = TripShareCardRenderer.swift; sourceTree = "<group>"; };
		A2TRIPREPORTPDF000001 /* TripReportPDF.swift */ = {isa = PBXFileReference; lastKnownFileType = sourcecode.swift; path = TripReportPDF.swift; sourceTree = "<group>"; };
		A2TODAYKMPROV00000001 /* TodayKmProvider.swift */ = {isa = PBXFileReference; lastKnownFileType = sourcecode.swift; path = TodayKmProvider.swift; sourceTree = "<group>"; };
		A2VEHICLEMGMT00000001 /* VehicleManagementView.swift */ = {isa = PBXFileReference; lastKnownFileType = sourcecode.swift; path = VehicleManagementView.swift; sourceTree = "<group>"; };
		A2VEHICLERESOLV000001 /* VehicleResolver.swift */ = {isa = PBXFileReference; lastKnownFileType = sourcecode.swift; path = VehicleResolver.swift; sourceTree = "<group>"; };
/* End PBXFileReference section */

/* Begin PBXFrameworksBuildPhase section */
		95D6D8A49C9947FBA6450329 /* Frameworks */ = {
			isa = PBXFrameworksBuildPhase;
			buildActionMask = 2147483647;
			files = (
			);
			runOnlyForDeploymentPostprocessing = 0;
		};
		A40000000000000000000001 /* Frameworks */ = {
			isa = PBXFrameworksBuildPhase;
			buildActionMask = 2147483647;
			files = (
			);
			runOnlyForDeploymentPostprocessing = 0;
		};
		B40000000000000000000001 /* Frameworks */ = {
			isa = PBXFrameworksBuildPhase;
			buildActionMask = 2147483647;
			files = (
			);
			runOnlyForDeploymentPostprocessing = 0;
		};
/* End PBXFrameworksBuildPhase section */

/* Begin PBXGroup section */
		A50000000000000000000001 = {
			isa = PBXGroup;
			children = (
				A50000000000000000000002 /* Carinho */,
				B50000000000000000000001 /* CarinhoShared */,
				B50000000000000000000002 /* CarinhoWidget */,
				EAD0FC18DADB4E359AC65213 /* CarinhoTests */,
				A50000000000000000000003 /* Products */,
			);
			sourceTree = "<group>";
		};
		A50000000000000000000002 /* Carinho */ = {
			isa = PBXGroup;
			children = (
				A50000000000000000000004 /* App */,
				A50000000000000000000005 /* Models */,
				A50000000000000000000006 /* Services */,
				A5000000000000000000000A /* Intents */,
				A50000000000000000000007 /* ViewModels */,
				A50000000000000000000008 /* Views */,
				A50000000000000000000009 /* Utilities */,
				A5SOUNDS000000000000001 /* Sounds */,
				A20000000000000000000022 /* Assets.xcassets */,
				A2CARINHOICON000000001 /* Carinho.icon */,
				A20000000000000000000024 /* Info.plist */,
				A2INFOPLISTXC0000001 /* InfoPlist.xcstrings */,
				A20000000000000000000026 /* Carinho.entitlements */,
				A20000000000000000000027 /* PrivacyInfo.xcprivacy */,
				A2LOCALIZABLE00000000001 /* Localizable.xcstrings */,
			);
			path = Carinho;
			sourceTree = "<group>";
		};
		A50000000000000000000003 /* Products */ = {
			isa = PBXGroup;
			children = (
				A30000000000000000000001 /* Carinho.app */,
				B30000000000000000000001 /* CarinhoWidgetExtension.appex */,
				3C4D5673496049A7A905249D /* CarinhoTests.xctest */,
			);
			name = Products;
			sourceTree = "<group>";
		};
		A5SOUNDS000000000000001 /* Sounds */ = {
			isa = PBXGroup;
			children = (
				A2TRIPSTARTCAF000000001 /* trip_start.caf */,
				A2TRIPSTOPCAF0000000001 /* trip_stop.caf */,
			);
			path = Sounds;
			sourceTree = "<group>";
		};
		A50000000000000000000004 /* App */ = {
			isa = PBXGroup;
			children = (
				A20000000000000000000001 /* CarinhoApp.swift */,
				A20000000000000000000002 /* ContentView.swift */,
				A20000000000000000000023 /* AppDelegate.swift */,
				A2APPSERVICES00000001 /* AppServices.swift */,
			);
			path = App;
			sourceTree = "<group>";
		};
		A50000000000000000000005 /* Models */ = {
			isa = PBXGroup;
			children = (
				65E131E71820446C9E390421 /* TripEnums.swift */,
				C22C35A8C7504120981649DC /* SavedPlace.swift */,
				AF0E09B4CEDD485E9B744E57 /* TripStop.swift */,
				A20000000000000000000003 /* Trip.swift */,
				A20000000000000000000004 /* TripPoint.swift */,
				A2MATCHEDROUTE0000000001 /* MatchedRoutePoint.swift */,
				A2USERCATEGORY00000000001 /* UserCategory.swift */,
				A2VEHICLEPROFILE00000001 /* VehicleProfile.swift */,
				A2VEHCONNKIND0000001 /* VehicleConnectionKind.swift */,
			);
			path = Models;
			sourceTree = "<group>";
		};
		A50000000000000000000006 /* Services */ = {
			isa = PBXGroup;
			children = (
				A5RECORDING0000000000001 /* Recording */,
				82C9C269375F4C05AFEA8817 /* GeocodingRetryService.swift */,
				E915A26582304556AF11A8CC /* PlaceMatchingService.swift */,
				983DA16F5A6E442FAAD35B73 /* ExportService.swift */,
				A2FREQROUTES00000000001 /* FrequentRoutesService.swift */,
				A2VEHICLERESOLV000001 /* VehicleResolver.swift */,
				4B6254BADAB2452485AC086C /* TripMergeService.swift */,
				FA15226A5E0A4E42AD2285A2 /* TripCleanupService.swift */,
				86CA401B8CE941218B625F2C /* AppLockService.swift */,
				F86B713FF186438EBC23FC3E /* BluetoothTriggerService.swift */,
				A2VEHCOORD0000000001 /* VehicleConnectionCoordinator.swift */,
				A2VEHPAIRING00000001 /* VehiclePairingService.swift */,
				6C824D91E2014613A14064D4 /* WatchConnectivityService.swift */,
				7E7218250D954707A753EAFC /* RecordingLiveActivityService.swift */,
				A2REC0BSERVER00000000001 /* RecordingRequestObserver.swift */,
				A2TRIPRECOVERY0000000001 /* TripRecoveryService.swift */,
				B20000000000000000000001 /* TripNotificationService.swift */,
				A2APPNOTIFSTORE00000001 /* AppNotificationStore.swift */,
				A20000000000000000000005 /* LocationService.swift */,
				A20000000000000000000006 /* TripRecordingService.swift */,
				A20000000000000000000007 /* GeocodingService.swift */,
				A20000000000000000000008 /* MotionActivityService.swift */,
				A20000000000000000000009 /* CarPlaySceneDelegate.swift */,
			);
			path = Services;
			sourceTree = "<group>";
		};
		A5RECORDING0000000000001 /* Recording */ = {
			isa = PBXGroup;
			children = (
				A2RECSTOPPOLICY00000001 /* RecordingStopPolicy.swift */,
				A2RECSYNCCOORD00000001 /* RecordingSyncCoordinator.swift */,
				A2LOCATIONPROV00000001 /* LocationProviding.swift */,
				A2RECPERSIST0000000001 /* RecordingPersistence.swift */,
			);
			path = Recording;
			sourceTree = "<group>";
		};
		A50000000000000000000007 /* ViewModels */ = {
			isa = PBXGroup;
			children = (
				D171349C59CE45DEA7298678 /* StatsViewModel.swift */,
				A20000000000000000000011 /* TripListViewModel.swift */,
				A20000000000000000000012 /* TripDetailViewModel.swift */,
			);
			path = ViewModels;
			sourceTree = "<group>";
		};
		A50000000000000000000008 /* Views */ = {
			isa = PBXGroup;
			children = (
				809405DA3B0A4D33AFE11517 /* StatsView.swift */,
				89C5F75B18D74EB4B35E48C0 /* PlacePickerView.swift */,
				1F8346A303B84C5089017287 /* AppLockView.swift */,
				88030C70371F439DA73D2869 /* TripFilterChips.swift */,
				A20000000000000000000013 /* TripListView.swift */,
				A20000000000000000000014 /* TripRowView.swift */,
				A20000000000000000000015 /* TripDetailView.swift */,
				A20000000000000000000016 /* ActiveTripView.swift */,
				A2ONBOARDING00000000001 /* OnboardingView.swift */,
				A2NOTIFLISTVIEW00000001 /* NotificationsListView.swift */,
				A2PERMBANNER00000000001 /* PermissionBanner.swift */,
				B20000000000000000000002 /* CarPairingSheet.swift */,
				B20000000000000000000003 /* RecordingCarAnimationView.swift */,
				A20000000000000000000017 /* SettingsView.swift */,
				A2CATMGMT00000000000001 /* CategoryManagementView.swift */,
				A2VEHICLEMGMT00000001 /* VehicleManagementView.swift */,
			);
			path = Views;
			sourceTree = "<group>";
		};
		A50000000000000000000009 /* Utilities */ = {
			isa = PBXGroup;
			children = (
				6AD03A7086DB4AACB2377EDA /* NetworkMonitor.swift */,
				E1D0C9B8A7465091E2F3A456 /* KeyboardDismiss.swift */,
				5E100D096E5B474C8C3CC6EB /* FuelCostCalculator.swift */,
				8A24E57F785447E780408D08 /* ModelContainerFactory.swift */,
				A2SCHEMAMIG0000000000001 /* CarinhoSchemaMigration.swift */,
				A2APPERRORPRES0000001 /* AppErrorPresenter.swift */,
				A20000000000000000000018 /* DistanceCalculator.swift */,
				A2CARINHOMOTION00000001 /* CarinhoMotion.swift */,
				A2CARINHOSOUNDS00000001 /* CarinhoSounds.swift */,
				A20000000000000000000019 /* DateFormatters.swift */,
				A20000000000000000000020 /* AppSettings.swift */,
				A20000000000000000000021 /* PreviewData.swift */,
				A20000000000000000000025 /* MockTripSeeder.swift */,
				A2TRIPFETCH0000000000001 /* TripFetch.swift */,
				A2TRIPDATEGROUP000000001 /* TripDateGrouping.swift */,
				A2TRIPMAPSNAP00000000001 /* TripMapSnapshotCache.swift */,
				A2CATEGORYSEEDER00000001 /* CategorySeeder.swift */,
				A2L10N00000000000000001 /* L10n.swift */,
				A2ROUTEPRIVCLIP0000001 /* RoutePrivacyClipper.swift */,
				A2TRIPSHARECARD0000001 /* TripShareCardRenderer.swift */,
				A2TRIPREPORTPDF000001 /* TripReportPDF.swift */,
				A2TODAYKMPROV00000001 /* TodayKmProvider.swift */,
			);
			path = Utilities;
			sourceTree = "<group>";
		};
		A5000000000000000000000A /* Intents */ = {
			isa = PBXGroup;
			children = (
				F138262CDC1E4889B99374A4 /* TripRecordingIntents.swift */,
			);
			path = Intents;
			sourceTree = "<group>";
		};
		B50000000000000000000001 /* CarinhoShared */ = {
			isa = PBXGroup;
			children = (
				B20000000000000000000004 /* TripRecordingAttributes.swift */,
				B20000000000000000000009 /* RecordingControlBridge.swift */,
				B20000000000000000000011 /* AppNotificationArchive.swift */,
			);
			path = CarinhoShared;
			sourceTree = "<group>";
		};
		B50000000000000000000002 /* CarinhoWidget */ = {
			isa = PBXGroup;
			children = (
				B20000000000000000000005 /* CarinhoWidget.swift */,
				B20000000000000000000006 /* WidgetRecordingIntents.swift */,
				B20000000000000000000007 /* Info.plist */,
				B20000000000000000000008 /* CarinhoWidget.entitlements */,
			);
			path = CarinhoWidget;
			sourceTree = "<group>";
		};
		EAD0FC18DADB4E359AC65213 /* CarinhoTests */ = {
			isa = PBXGroup;
			children = (
				86269EF985B34281B00F7FAC /* CarinhoTests.swift */,
			);
			path = CarinhoTests;
			sourceTree = "<group>";
		};
/* End PBXGroup section */

/* Begin PBXNativeTarget section */
		61A9B5A53A1E4338A2C7C79D /* CarinhoTests */ = {
			isa = PBXNativeTarget;
			buildConfigurationList = B8189A8ACEBC4882B91838E8 /* Build configuration list for PBXNativeTarget "CarinhoTests" */;
			buildPhases = (
				0CB5EC5CDD2143B581DB8157 /* Sources */,
				95D6D8A49C9947FBA6450329 /* Frameworks */,
			);
			buildRules = (
			);
			dependencies = (
			);
			name = CarinhoTests;
			productName = CarinhoTests;
			productReference = 3C4D5673496049A7A905249D /* CarinhoTests.xctest */;
			productType = "com.apple.product-type.bundle.unit-test";
		};
		A60000000000000000000001 /* Carinho */ = {
			isa = PBXNativeTarget;
			buildConfigurationList = A80000000000000000000003 /* Build configuration list for PBXNativeTarget "Carinho" */;
			buildPhases = (
				A70000000000000000000001 /* Sources */,
				A40000000000000000000001 /* Frameworks */,
				A70000000000000000000002 /* Resources */,
				B80000000000000000000001 /* Embed Foundation Extensions */,
			);
			buildRules = (
			);
			dependencies = (
				B90000000000000000000001 /* PBXTargetDependency */,
			);
			name = Carinho;
			productName = Carinho;
			productReference = A30000000000000000000001 /* Carinho.app */;
			productType = "com.apple.product-type.application";
		};
		B60000000000000000000001 /* CarinhoWidgetExtension */ = {
			isa = PBXNativeTarget;
			buildConfigurationList = B80000000000000000000003 /* Build configuration list for PBXNativeTarget "CarinhoWidgetExtension" */;
			buildPhases = (
				B70000000000000000000001 /* Sources */,
				B40000000000000000000001 /* Frameworks */,
				B70000000000000000000002 /* Resources */,
			);
			buildRules = (
			);
			dependencies = (
			);
			name = CarinhoWidgetExtension;
			productName = CarinhoWidgetExtension;
			productReference = B30000000000000000000001 /* CarinhoWidgetExtension.appex */;
			productType = "com.apple.product-type.app-extension";
		};
/* End PBXNativeTarget section */

/* Begin PBXProject section */
		A90000000000000000000001 /* Project object */ = {
			isa = PBXProject;
			attributes = {
				BuildIndependentTargetsInParallel = 1;
				LastSwiftUpdateCheck = 2600;
				LastUpgradeCheck = 2660;
				TargetAttributes = {
					A60000000000000000000001 = {
						CreatedOnToolsVersion = 26.0;
					};
				};
			};
			buildConfigurationList = A80000000000000000000001 /* Build configuration list for PBXProject "Carinho" */;
			compatibilityVersion = "Xcode 14.0";
            developmentRegion = en;
			hasScannedForEncodings = 0;
			knownRegions = (
				en,
				tr,
				Base,
			);
			mainGroup = A50000000000000000000001;
			productRefGroup = A50000000000000000000003 /* Products */;
			projectDirPath = "";
			projectRoot = "";
			targets = (
				A60000000000000000000001 /* Carinho */,
				B60000000000000000000001 /* CarinhoWidgetExtension */,
				61A9B5A53A1E4338A2C7C79D /* CarinhoTests */,
			);
		};
/* End PBXProject section */

/* Begin PBXResourcesBuildPhase section */
		A70000000000000000000002 /* Resources */ = {
			isa = PBXResourcesBuildPhase;
			buildActionMask = 2147483647;
			files = (
				A10000000000000000000022 /* Assets.xcassets in Resources */,
				A1TRIPSTARTCAF000000001 /* trip_start.caf in Resources */,
				A1TRIPSTOPCAF0000000001 /* trip_stop.caf in Resources */,
				A1CARINHOICON000000001 /* Carinho.icon in Resources */,
				A10000000000000000000028 /* PrivacyInfo.xcprivacy in Resources */,
				A1LOCALIZABLE00000000001 /* Localizable.xcstrings in Resources */,
				A1INFOPLISTXC0000001 /* InfoPlist.xcstrings in Resources */,
			);
			runOnlyForDeploymentPostprocessing = 0;
		};
		B70000000000000000000002 /* Resources */ = {
			isa = PBXResourcesBuildPhase;
			buildActionMask = 2147483647;
			files = (
				B10000000000000000000013 /* Localizable.xcstrings in Resources */,
			);
			runOnlyForDeploymentPostprocessing = 0;
		};
/* End PBXResourcesBuildPhase section */

/* Begin PBXSourcesBuildPhase section */
		0CB5EC5CDD2143B581DB8157 /* Sources */ = {
			isa = PBXSourcesBuildPhase;
			buildActionMask = 2147483647;
			files = (
				A5667A7DE2024FB687E8DD43 /* CarinhoTests.swift in Sources */,
			);
			runOnlyForDeploymentPostprocessing = 0;
		};
		A70000000000000000000001 /* Sources */ = {
			isa = PBXSourcesBuildPhase;
			buildActionMask = 2147483647;
			files = (
				A10000000000000000000001 /* CarinhoApp.swift in Sources */,
				A10000000000000000000002 /* ContentView.swift in Sources */,
				A10000000000000000000003 /* Trip.swift in Sources */,
				A10000000000000000000004 /* TripPoint.swift in Sources */,
				A10000000000000000000005 /* LocationService.swift in Sources */,
				A10000000000000000000006 /* TripRecordingService.swift in Sources */,
				A10000000000000000000007 /* GeocodingService.swift in Sources */,
				A10000000000000000000008 /* MotionActivityService.swift in Sources */,
				A10000000000000000000009 /* CarPlaySceneDelegate.swift in Sources */,
				A10000000000000000000011 /* TripListViewModel.swift in Sources */,
				A10000000000000000000012 /* TripDetailViewModel.swift in Sources */,
				A10000000000000000000013 /* TripListView.swift in Sources */,
				A10000000000000000000014 /* TripRowView.swift in Sources */,
				A10000000000000000000015 /* TripDetailView.swift in Sources */,
				A10000000000000000000016 /* ActiveTripView.swift in Sources */,
				A1ONBOARDING00000000001 /* OnboardingView.swift in Sources */,
				A1PERMBANNER00000000001 /* PermissionBanner.swift in Sources */,
				A10000000000000000000017 /* SettingsView.swift in Sources */,
				A10000000000000000000018 /* DistanceCalculator.swift in Sources */,
				A1CARINHOMOTION00000001 /* CarinhoMotion.swift in Sources */,
				A1CARINHOSOUNDS00000001 /* CarinhoSounds.swift in Sources */,
				A10000000000000000000019 /* DateFormatters.swift in Sources */,
				A10000000000000000000020 /* AppSettings.swift in Sources */,
				A10000000000000000000021 /* PreviewData.swift in Sources */,
				A10000000000000000000023 /* AppDelegate.swift in Sources */,
				A1APPSERVICES00000001 /* AppServices.swift in Sources */,
				A10000000000000000000025 /* MockTripSeeder.swift in Sources */,
				A2TRIPFETCH0000000000002 /* TripFetch.swift in Sources */,
				A2TRIPDATEGROUP000000002 /* TripDateGrouping.swift in Sources */,
				A2TRIPMAPSNAP00000000002 /* TripMapSnapshotCache.swift in Sources */,
				F7584F1172694F06905495CC /* TripEnums.swift in Sources */,
				D571EE3610834ECBBB0727B6 /* SavedPlace.swift in Sources */,
				1498DD740E004FB9AC44D2F3 /* TripStop.swift in Sources */,
				C8C052893E0441E8AC928742 /* NetworkMonitor.swift in Sources */,
				F2E1D0C9B8A7465091E2F3A4 /* KeyboardDismiss.swift in Sources */,
				A1USERCATEGORY00000000001 /* UserCategory.swift in Sources */,
				A1CATEGORYSEEDER00000001 /* CategorySeeder.swift in Sources */,
				A1L10N00000000000000001 /* L10n.swift in Sources */,
				A1CATMGMT00000000000001 /* CategoryManagementView.swift in Sources */,
				55259EE2E03648A4B6AAC434 /* FuelCostCalculator.swift in Sources */,
				C2D27E073A644138899E28CE /* ModelContainerFactory.swift in Sources */,
				0B85812565284933BEBC7212 /* GeocodingRetryService.swift in Sources */,
				9FC941CE9E154F36B46E5A02 /* PlaceMatchingService.swift in Sources */,
				F7BF388123F5473D83A90998 /* ExportService.swift in Sources */,
				6FD1FB9C54054D94B99EEDBC /* TripMergeService.swift in Sources */,
				BBE21ACDB3DA4B799692BA45 /* TripCleanupService.swift in Sources */,
				D1853EE7989041FC8B991467 /* AppLockService.swift in Sources */,
				76D48CED5CBB4054BB2D9361 /* BluetoothTriggerService.swift in Sources */,
				A1VEHCOORD0000000001 /* VehicleConnectionCoordinator.swift in Sources */,
				A1VEHPAIRING00000001 /* VehiclePairingService.swift in Sources */,
				A1VEHCONNKIND0000001 /* VehicleConnectionKind.swift in Sources */,
				1A08A23DFE40417CBC1C5DAF /* WatchConnectivityService.swift in Sources */,
				D10E4D3FDD254D86A5654E28 /* RecordingLiveActivityService.swift in Sources */,
				A1REC0BSERVER00000000001 /* RecordingRequestObserver.swift in Sources */,
				A1MATCHEDROUTE0000000001 /* MatchedRoutePoint.swift in Sources */,
				A1SCHEMAMIG0000000000001 /* CarinhoSchemaMigration.swift in Sources */,
				A1TRIPRECOVERY0000000001 /* TripRecoveryService.swift in Sources */,
				A1RECSTOPPOLICY00000001 /* RecordingStopPolicy.swift in Sources */,
				A1RECSYNCCOORD00000001 /* RecordingSyncCoordinator.swift in Sources */,
				A1APPERRORPRES0000001 /* AppErrorPresenter.swift in Sources */,
				A1LOCATIONPROV00000001 /* LocationProviding.swift in Sources */,
				A1RECPERSIST0000000001 /* RecordingPersistence.swift in Sources */,
				A1VEHICLEPROFILE00000001 /* VehicleProfile.swift in Sources */,
				A1FREQROUTES00000000001 /* FrequentRoutesService.swift in Sources */,
				A1ROUTEPRIVCLIP0000001 /* RoutePrivacyClipper.swift in Sources */,
				A1APPNOTIFSTORE00000001 /* AppNotificationStore.swift in Sources */,
				A1NOTIFLISTVIEW00000001 /* NotificationsListView.swift in Sources */,
				A1TRIPSHARECARD0000001 /* TripShareCardRenderer.swift in Sources */,
				A1TRIPREPORTPDF000001 /* TripReportPDF.swift in Sources */,
				A1TODAYKMPROV00000001 /* TodayKmProvider.swift in Sources */,
				A1VEHICLEMGMT00000001 /* VehicleManagementView.swift in Sources */,
				A1VEHICLERESOLV000001 /* VehicleResolver.swift in Sources */,
				9DEF992CAAFE49179A961E87 /* TripRecordingIntents.swift in Sources */,
				C34CA953FA9445FC9738421B /* StatsViewModel.swift in Sources */,
				E5BA2FB0704F498A84A79A26 /* StatsView.swift in Sources */,
				3B1BCB066B68458F963D7027 /* PlacePickerView.swift in Sources */,
				4ED9865E047546A39C7E466C /* AppLockView.swift in Sources */,
				B70278C1D5B446EC8DE991B4 /* TripFilterChips.swift in Sources */,
				B10000000000000000000001 /* TripNotificationService.swift in Sources */,
				B10000000000000000000002 /* CarPairingSheet.swift in Sources */,
				B10000000000000000000003 /* RecordingCarAnimationView.swift in Sources */,
				B10000000000000000000004 /* TripRecordingAttributes.swift in Sources */,
				B10000000000000000000008 /* RecordingControlBridge.swift in Sources */,
				B10000000000000000000011 /* AppNotificationArchive.swift in Sources */,
			);
			runOnlyForDeploymentPostprocessing = 0;
		};
		B70000000000000000000001 /* Sources */ = {
			isa = PBXSourcesBuildPhase;
			buildActionMask = 2147483647;
			files = (
				B10000000000000000000005 /* CarinhoWidget.swift in Sources */,
				B10000000000000000000006 /* WidgetRecordingIntents.swift in Sources */,
				B10000000000000000000007 /* TripRecordingAttributes.swift in Sources */,
				B10000000000000000000009 /* RecordingControlBridge.swift in Sources */,
				B10000000000000000000012 /* AppNotificationArchive.swift in Sources */,
			);
			runOnlyForDeploymentPostprocessing = 0;
		};
/* End PBXSourcesBuildPhase section */

/* Begin PBXTargetDependency section */
		B90000000000000000000001 /* PBXTargetDependency */ = {
			isa = PBXTargetDependency;
			target = B60000000000000000000001 /* CarinhoWidgetExtension */;
			targetProxy = BA0000000000000000000001 /* PBXContainerItemProxy */;
		};
/* End PBXTargetDependency section */

/* Begin XCBuildConfiguration section */
		A640FDEB8DE8400A908BC667 /* Debug */ = {
			isa = XCBuildConfiguration;
			buildSettings = {
				BUNDLE_LOADER = "$(TEST_HOST)";
				CODE_SIGN_STYLE = Automatic;
				CURRENT_PROJECT_VERSION = 1;
				GENERATE_INFOPLIST_FILE = YES;
				IPHONEOS_DEPLOYMENT_TARGET = 17.0;
				MARKETING_VERSION = 1.1;
				PRODUCT_BUNDLE_IDENTIFIER = com.carinho.app.tests;
				PRODUCT_NAME = "$(TARGET_NAME)";
				SDKROOT = iphoneos;
				SWIFT_VERSION = 5.0;
				TARGETED_DEVICE_FAMILY = 1;
				TEST_HOST = "$(BUILT_PRODUCTS_DIR)/Carinho.app/$(BUNDLE_EXECUTABLE_FOLDER_PATH)/Carinho";
			};
			name = Debug;
		};
		AA0000000000000000000001 /* Debug */ = {
			isa = XCBuildConfiguration;
			buildSettings = {
				ALWAYS_SEARCH_USER_PATHS = NO;
				ASSETCATALOG_COMPILER_GENERATE_SWIFT_ASSET_SYMBOL_EXTENSIONS = YES;
				CLANG_ANALYZER_LOCALIZABILITY_NONLOCALIZED = YES;
				CLANG_ENABLE_MODULES = YES;
				CLANG_ENABLE_OBJC_ARC = YES;
				CLANG_WARN_BLOCK_CAPTURE_AUTORELEASING = YES;
				CLANG_WARN_BOOL_CONVERSION = YES;
				CLANG_WARN_COMMA = YES;
				CLANG_WARN_CONSTANT_CONVERSION = YES;
				CLANG_WARN_DEPRECATED_OBJC_IMPLEMENTATIONS = YES;
				CLANG_WARN_EMPTY_BODY = YES;
				CLANG_WARN_ENUM_CONVERSION = YES;
				CLANG_WARN_INFINITE_RECURSION = YES;
				CLANG_WARN_INT_CONVERSION = YES;
				CLANG_WARN_NON_LITERAL_NULL_CONVERSION = YES;
				CLANG_WARN_OBJC_IMPLICIT_RETAIN_SELF = YES;
				CLANG_WARN_OBJC_LITERAL_CONVERSION = YES;
				CLANG_WARN_QUOTED_INCLUDE_IN_FRAMEWORK_HEADER = YES;
				CLANG_WARN_RANGE_LOOP_ANALYSIS = YES;
				CLANG_WARN_STRICT_PROTOTYPES = YES;
				CLANG_WARN_SUSPICIOUS_MOVE = YES;
				CLANG_WARN_UNREACHABLE_CODE = YES;
				CLANG_WARN__DUPLICATE_METHOD_MATCH = YES;
				COPY_PHASE_STRIP = NO;
				DEBUG_INFORMATION_FORMAT = dwarf;
				ENABLE_STRICT_OBJC_MSGSEND = YES;
				ENABLE_TESTABILITY = YES;
				ENABLE_USER_SCRIPT_SANDBOXING = YES;
				GCC_DYNAMIC_NO_PIC = NO;
				GCC_NO_COMMON_BLOCKS = YES;
				GCC_OPTIMIZATION_LEVEL = 0;
				GCC_PREPROCESSOR_DEFINITIONS = (
					"DEBUG=1",
					"$(inherited)",
				);
				GCC_WARN_64_TO_32_BIT_CONVERSION = YES;
				GCC_WARN_ABOUT_RETURN_TYPE = YES;
				GCC_WARN_UNDECLARED_SELECTOR = YES;
				GCC_WARN_UNINITIALIZED_AUTOS = YES;
				GCC_WARN_UNUSED_FUNCTION = YES;
				GCC_WARN_UNUSED_VARIABLE = YES;
				IPHONEOS_DEPLOYMENT_TARGET = 17.0;
				MTL_ENABLE_DEBUG_INFO = INCLUDE_SOURCE;
				ONLY_ACTIVE_ARCH = YES;
				SDKROOT = iphoneos;
				STRING_CATALOG_GENERATE_SYMBOLS = YES;
				SWIFT_ACTIVE_COMPILATION_CONDITIONS = "DEBUG $(inherited)";
				SWIFT_OPTIMIZATION_LEVEL = "-Onone";
			};
			name = Debug;
		};
		AA0000000000000000000002 /* Release */ = {
			isa = XCBuildConfiguration;
			buildSettings = {
				ALWAYS_SEARCH_USER_PATHS = NO;
				ASSETCATALOG_COMPILER_GENERATE_SWIFT_ASSET_SYMBOL_EXTENSIONS = YES;
				CLANG_ANALYZER_LOCALIZABILITY_NONLOCALIZED = YES;
				CLANG_ENABLE_MODULES = YES;
				CLANG_ENABLE_OBJC_ARC = YES;
				CLANG_WARN_BLOCK_CAPTURE_AUTORELEASING = YES;
				CLANG_WARN_BOOL_CONVERSION = YES;
				CLANG_WARN_COMMA = YES;
				CLANG_WARN_CONSTANT_CONVERSION = YES;
				CLANG_WARN_DEPRECATED_OBJC_IMPLEMENTATIONS = YES;
				CLANG_WARN_EMPTY_BODY = YES;
				CLANG_WARN_ENUM_CONVERSION = YES;
				CLANG_WARN_INFINITE_RECURSION = YES;
				CLANG_WARN_INT_CONVERSION = YES;
				CLANG_WARN_NON_LITERAL_NULL_CONVERSION = YES;
				CLANG_WARN_OBJC_IMPLICIT_RETAIN_SELF = YES;
				CLANG_WARN_OBJC_LITERAL_CONVERSION = YES;
				CLANG_WARN_QUOTED_INCLUDE_IN_FRAMEWORK_HEADER = YES;
				CLANG_WARN_RANGE_LOOP_ANALYSIS = YES;
				CLANG_WARN_STRICT_PROTOTYPES = YES;
				CLANG_WARN_SUSPICIOUS_MOVE = YES;
				CLANG_WARN_UNREACHABLE_CODE = YES;
				CLANG_WARN__DUPLICATE_METHOD_MATCH = YES;
				COPY_PHASE_STRIP = NO;
				DEBUG_INFORMATION_FORMAT = "dwarf-with-dsym";
				ENABLE_NS_ASSERTIONS = NO;
				ENABLE_STRICT_OBJC_MSGSEND = YES;
				ENABLE_USER_SCRIPT_SANDBOXING = YES;
				GCC_NO_COMMON_BLOCKS = YES;
				GCC_WARN_64_TO_32_BIT_CONVERSION = YES;
				GCC_WARN_ABOUT_RETURN_TYPE = YES;
				GCC_WARN_UNDECLARED_SELECTOR = YES;
				GCC_WARN_UNINITIALIZED_AUTOS = YES;
				GCC_WARN_UNUSED_FUNCTION = YES;
				GCC_WARN_UNUSED_VARIABLE = YES;
				IPHONEOS_DEPLOYMENT_TARGET = 17.0;
				MTL_ENABLE_DEBUG_INFO = NO;
				SDKROOT = iphoneos;
				STRING_CATALOG_GENERATE_SYMBOLS = YES;
				SWIFT_COMPILATION_MODE = wholemodule;
				VALIDATE_PRODUCT = YES;
			};
			name = Release;
		};
		AA0000000000000000000003 /* Debug */ = {
			isa = XCBuildConfiguration;
			buildSettings = {
				ASSETCATALOG_COMPILER_APPICON_NAME = Carinho;
				ASSETCATALOG_COMPILER_GLOBAL_ACCENT_COLOR_NAME = AccentColor;
				CODE_SIGN_ENTITLEMENTS = Carinho/Carinho.entitlements;
				CODE_SIGN_STYLE = Automatic;
				CURRENT_PROJECT_VERSION = 1;
				DEVELOPMENT_TEAM = Y7UM9FFXZ7;
				ENABLE_PREVIEWS = YES;
				GENERATE_INFOPLIST_FILE = YES;
				INFOPLIST_FILE = Carinho/Info.plist;
				INFOPLIST_KEY_CFBundleDisplayName = Carinho;
				INFOPLIST_KEY_LSApplicationCategoryType = "public.app-category.travel";
				INFOPLIST_KEY_NSBluetoothAlwaysUsageDescription = "Bluetooth is used to start recording automatically when your vehicle connects.";
				INFOPLIST_KEY_NSFaceIDUsageDescription = "Face ID is used to protect your trip history.";
				INFOPLIST_KEY_NSLocationAlwaysAndWhenInUseUsageDescription = "Location access is required for background trip recording.";
				INFOPLIST_KEY_NSLocationWhenInUseUsageDescription = "We need your location to record your trips.";
				INFOPLIST_KEY_NSMotionUsageDescription = "Motion detection helps start and stop recording automatically when you drive.";
				INFOPLIST_KEY_NSSupportsLiveActivities = YES;
				INFOPLIST_KEY_NSUserNotificationsUsageDescription = "Yolculuk başladığında ve bittiğinde bildirim göndermek için kullanılır.";
				INFOPLIST_KEY_UIApplicationSupportsIndirectInputEvents = YES;
				INFOPLIST_KEY_UIBackgroundModes = location;
				INFOPLIST_KEY_UILaunchScreen_Generation = YES;
				INFOPLIST_KEY_UISupportedInterfaceOrientations = UIInterfaceOrientationPortrait;
				INFOPLIST_KEY_UISupportedInterfaceOrientations_iPad = "UIInterfaceOrientationPortrait UIInterfaceOrientationPortraitUpsideDown UIInterfaceOrientationLandscapeLeft UIInterfaceOrientationLandscapeRight";
				LD_RUNPATH_SEARCH_PATHS = (
					"$(inherited)",
					"@executable_path/Frameworks",
				);
				MARKETING_VERSION = 1.1;
				PRODUCT_BUNDLE_IDENTIFIER = com.carinho.app;
				PRODUCT_NAME = "$(TARGET_NAME)";
				SUPPORTED_PLATFORMS = "iphoneos iphonesimulator";
				SUPPORTS_MACCATALYST = NO;
				SWIFT_EMIT_LOC_STRINGS = YES;
				SWIFT_STRICT_CONCURRENCY = complete;
				SWIFT_VERSION = 5.0;
				TARGETED_DEVICE_FAMILY = 1;
			};
			name = Debug;
		};
		AA0000000000000000000004 /* Release */ = {
			isa = XCBuildConfiguration;
			buildSettings = {
				ASSETCATALOG_COMPILER_APPICON_NAME = Carinho;
				ASSETCATALOG_COMPILER_GLOBAL_ACCENT_COLOR_NAME = AccentColor;
				CODE_SIGN_ENTITLEMENTS = Carinho/Carinho.entitlements;
				CODE_SIGN_STYLE = Automatic;
				CURRENT_PROJECT_VERSION = 1;
				DEVELOPMENT_TEAM = Y7UM9FFXZ7;
				ENABLE_PREVIEWS = YES;
				GENERATE_INFOPLIST_FILE = YES;
				INFOPLIST_FILE = Carinho/Info.plist;
				INFOPLIST_KEY_CFBundleDisplayName = Carinho;
				INFOPLIST_KEY_LSApplicationCategoryType = "public.app-category.travel";
				INFOPLIST_KEY_NSBluetoothAlwaysUsageDescription = "Bluetooth is used to start recording automatically when your vehicle connects.";
				INFOPLIST_KEY_NSFaceIDUsageDescription = "Face ID is used to protect your trip history.";
				INFOPLIST_KEY_NSLocationAlwaysAndWhenInUseUsageDescription = "Location access is required for background trip recording.";
				INFOPLIST_KEY_NSLocationWhenInUseUsageDescription = "We need your location to record your trips.";
				INFOPLIST_KEY_NSMotionUsageDescription = "Motion detection helps start and stop recording automatically when you drive.";
				INFOPLIST_KEY_NSSupportsLiveActivities = YES;
				INFOPLIST_KEY_NSUserNotificationsUsageDescription = "Yolculuk başladığında ve bittiğinde bildirim göndermek için kullanılır.";
				INFOPLIST_KEY_UIApplicationSupportsIndirectInputEvents = YES;
				INFOPLIST_KEY_UIBackgroundModes = location;
				INFOPLIST_KEY_UILaunchScreen_Generation = YES;
				INFOPLIST_KEY_UISupportedInterfaceOrientations = UIInterfaceOrientationPortrait;
				INFOPLIST_KEY_UISupportedInterfaceOrientations_iPad = "UIInterfaceOrientationPortrait UIInterfaceOrientationPortraitUpsideDown UIInterfaceOrientationLandscapeLeft UIInterfaceOrientationLandscapeRight";
				LD_RUNPATH_SEARCH_PATHS = (
					"$(inherited)",
					"@executable_path/Frameworks",
				);
				MARKETING_VERSION = 1.1;
				PRODUCT_BUNDLE_IDENTIFIER = com.carinho.app;
				PRODUCT_NAME = "$(TARGET_NAME)";
				SUPPORTED_PLATFORMS = "iphoneos iphonesimulator";
				SUPPORTS_MACCATALYST = NO;
				SWIFT_EMIT_LOC_STRINGS = YES;
				SWIFT_STRICT_CONCURRENCY = complete;
				SWIFT_VERSION = 5.0;
				TARGETED_DEVICE_FAMILY = 1;
			};
			name = Release;
		};
		BB0000000000000000000001 /* Debug */ = {
			isa = XCBuildConfiguration;
			buildSettings = {
				APPLICATION_EXTENSION_API_ONLY = YES;
				CODE_SIGN_ENTITLEMENTS = CarinhoWidget/CarinhoWidget.entitlements;
				CODE_SIGN_STYLE = Automatic;
				CURRENT_PROJECT_VERSION = 1;
				DEVELOPMENT_TEAM = Y7UM9FFXZ7;
				GENERATE_INFOPLIST_FILE = YES;
				INFOPLIST_FILE = CarinhoWidget/Info.plist;
				INFOPLIST_KEY_CFBundleDisplayName = CarinhoWidget;
				INFOPLIST_KEY_NSHumanReadableCopyright = "";
				IPHONEOS_DEPLOYMENT_TARGET = 17.0;
				LD_RUNPATH_SEARCH_PATHS = (
					"$(inherited)",
					"@executable_path/Frameworks",
					"@executable_path/../../Frameworks",
				);
				MARKETING_VERSION = 1.1;
				PRODUCT_BUNDLE_IDENTIFIER = com.carinho.app.widget;
				PRODUCT_NAME = "$(TARGET_NAME)";
				SKIP_INSTALL = YES;
				SWIFT_EMIT_LOC_STRINGS = YES;
				SWIFT_STRICT_CONCURRENCY = complete;
				SWIFT_VERSION = 5.0;
				TARGETED_DEVICE_FAMILY = 1;
			};
			name = Debug;
		};
		BB0000000000000000000002 /* Release */ = {
			isa = XCBuildConfiguration;
			buildSettings = {
				APPLICATION_EXTENSION_API_ONLY = YES;
				CODE_SIGN_ENTITLEMENTS = CarinhoWidget/CarinhoWidget.entitlements;
				CODE_SIGN_STYLE = Automatic;
				CURRENT_PROJECT_VERSION = 1;
				DEVELOPMENT_TEAM = Y7UM9FFXZ7;
				GENERATE_INFOPLIST_FILE = YES;
				INFOPLIST_FILE = CarinhoWidget/Info.plist;
				INFOPLIST_KEY_CFBundleDisplayName = CarinhoWidget;
				INFOPLIST_KEY_NSHumanReadableCopyright = "";
				IPHONEOS_DEPLOYMENT_TARGET = 17.0;
				LD_RUNPATH_SEARCH_PATHS = (
					"$(inherited)",
					"@executable_path/Frameworks",
					"@executable_path/../../Frameworks",
				);
				MARKETING_VERSION = 1.1;
				PRODUCT_BUNDLE_IDENTIFIER = com.carinho.app.widget;
				PRODUCT_NAME = "$(TARGET_NAME)";
				SKIP_INSTALL = YES;
				SWIFT_EMIT_LOC_STRINGS = YES;
				SWIFT_STRICT_CONCURRENCY = complete;
				SWIFT_VERSION = 5.0;
				TARGETED_DEVICE_FAMILY = 1;
			};
			name = Release;
		};
		FEBF097F62864160B81FDA6C /* Release */ = {
			isa = XCBuildConfiguration;
			buildSettings = {
				BUNDLE_LOADER = "$(TEST_HOST)";
				CODE_SIGN_STYLE = Automatic;
				CURRENT_PROJECT_VERSION = 1;
				GENERATE_INFOPLIST_FILE = YES;
				IPHONEOS_DEPLOYMENT_TARGET = 17.0;
				MARKETING_VERSION = 1.1;
				PRODUCT_BUNDLE_IDENTIFIER = com.carinho.app.tests;
				PRODUCT_NAME = "$(TARGET_NAME)";
				SDKROOT = iphoneos;
				SWIFT_VERSION = 5.0;
				TARGETED_DEVICE_FAMILY = 1;
				TEST_HOST = "$(BUILT_PRODUCTS_DIR)/Carinho.app/$(BUNDLE_EXECUTABLE_FOLDER_PATH)/Carinho";
			};
			name = Release;
		};
/* End XCBuildConfiguration section */

/* Begin XCConfigurationList section */
		A80000000000000000000001 /* Build configuration list for PBXProject "Carinho" */ = {
			isa = XCConfigurationList;
			buildConfigurations = (
				AA0000000000000000000001 /* Debug */,
				AA0000000000000000000002 /* Release */,
			);
			defaultConfigurationIsVisible = 0;
			defaultConfigurationName = Release;
		};
		A80000000000000000000003 /* Build configuration list for PBXNativeTarget "Carinho" */ = {
			isa = XCConfigurationList;
			buildConfigurations = (
				AA0000000000000000000003 /* Debug */,
				AA0000000000000000000004 /* Release */,
			);
			defaultConfigurationIsVisible = 0;
			defaultConfigurationName = Release;
		};
		B80000000000000000000003 /* Build configuration list for PBXNativeTarget "CarinhoWidgetExtension" */ = {
			isa = XCConfigurationList;
			buildConfigurations = (
				BB0000000000000000000001 /* Debug */,
				BB0000000000000000000002 /* Release */,
			);
			defaultConfigurationIsVisible = 0;
			defaultConfigurationName = Release;
		};
		B8189A8ACEBC4882B91838E8 /* Build configuration list for PBXNativeTarget "CarinhoTests" */ = {
			isa = XCConfigurationList;
			buildConfigurations = (
				A640FDEB8DE8400A908BC667 /* Debug */,
				FEBF097F62864160B81FDA6C /* Release */,
			);
			defaultConfigurationIsVisible = 0;
			defaultConfigurationName = Release;
		};
/* End XCConfigurationList section */
	};
	rootObject = A90000000000000000000001 /* Project object */;
}
